
Microsoft Visual Studio Solution File, Format Version 12.00
# Visual Studio 14
VisualStudioVersion = 14.0.23107.0
MinimumVisualStudioVersion = 10.0.40219.1
Project("{FAE04EC0-301F-11D3-BF4B-00C04F79EFBC}") = "FileUploadMVC5", "FileUploadMVC5\FileUploadMVC5.csproj", "{70BD7F3A-02C2-477A-BB64-1F42B6D2520A}"
EndProject
Project("{FAE04EC0-301F-11D3-BF4B-00C04F79EFBC}") = "Agular2", "Agular2\Agular2.csproj", "{72A13674-E20F-45EC-B079-22BA669F180B}"
EndProject
Project("{FAE04EC0-301F-11D3-BF4B-00C04F79EFBC}") = "Log4", "Log4\Log4.csproj", "{DB6037F7-60A8-4B68-A4F4-EC1C33057811}"
EndProject
Project("{FAE04EC0-301F-11D3-BF4B-00C04F79EFBC}") = "WindowsService1", "WindowsService1\WindowsService1.csproj", "{36BE3A5E-27C5-4E82-B2E9-C220FACDEB25}"
EndProject
Project("{FAE04EC0-301F-11D3-BF4B-00C04F79EFBC}") = "ChsChtTranslate", "ChsChtTranslate\ChsChtTranslate.csproj", "{F5D9F68A-B985-42C7-8FA1-92F55D89AE06}"
EndProject
Global
	GlobalSection(SolutionConfigurationPlatforms) = preSolution
		Debug|Any CPU = Debug|Any CPU
		Release|Any CPU = Release|Any CPU
	EndGlobalSection
	GlobalSection(ProjectConfigurationPlatforms) = postSolution
		{70BD7F3A-02C2-477A-BB64-1F42B6D2520A}.Debug|Any CPU.ActiveCfg = Debug|Any CPU
		{70BD7F3A-02C2-477A-BB64-1F42B6D2520A}.Debug|Any CPU.Build.0 = Debug|Any CPU
		{70BD7F3A-02C2-477A-BB64-1F42B6D2520A}.Release|Any CPU.ActiveCfg = Release|Any CPU
		{70BD7F3A-02C2-477A-BB64-1F42B6D2520A}.Release|Any CPU.Build.0 = Release|Any CPU
		{72A13674-E20F-45EC-B079-22BA669F180B}.Debug|Any CPU.ActiveCfg = Debug|Any CPU
		{72A13674-E20F-45EC-B079-22BA669F180B}.Debug|Any CPU.Build.0 = Debug|Any CPU
		{72A13674-E20F-45EC-B079-22BA669F180B}.Release|Any CPU.ActiveCfg = Release|Any CPU
		{72A13674-E20F-45EC-B079-22BA669F180B}.Release|Any CPU.Build.0 = Release|Any CPU
		{DB6037F7-60A8-4B68-A4F4-EC1C33057811}.Debug|Any CPU.ActiveCfg = Debug|Any CPU
		{DB6037F7-60A8-4B68-A4F4-EC1C33057811}.Debug|Any CPU.Build.0 = Debug|Any CPU
		{DB6037F7-60A8-4B68-A4F4-EC1C33057811}.Release|Any CPU.ActiveCfg = Release|Any CPU
		{DB6037F7-60A8-4B68-A4F4-EC1C33057811}.Release|Any CPU.Build.0 = Release|Any CPU
		{36BE3A5E-27C5-4E82-B2E9-C220FACDEB25}.Debug|Any CPU.ActiveCfg = Debug|Any CPU
		{36BE3A5E-27C5-4E82-B2E9-C220FACDEB25}.Debug|Any CPU.Build.0 = Debug|Any CPU
		{36BE3A5E-27C5-4E82-B2E9-C220FACDEB25}.Release|Any CPU.ActiveCfg = Release|Any CPU
		{36BE3A5E-27C5-4E82-B2E9-C220FACDEB25}.Release|Any CPU.Build.0 = Release|Any CPU
		{F5D9F68A-B985-42C7-8FA1-92F55D89AE06}.Debug|Any CPU.ActiveCfg = Debug|Any CPU
		{F5D9F68A-B985-42C7-8FA1-92F55D89AE06}.Debug|Any CPU.Build.0 = Debug|Any CPU
		{F5D9F68A-B985-42C7-8FA1-92F55D89AE06}.Release|Any CPU.ActiveCfg = Release|Any CPU
		{F5D9F68A-B985-42C7-8FA1-92F55D89AE06}.Release|Any CPU.Build.0 = Release|Any CPU
	EndGlobalSection
	GlobalSection(SolutionProperties) = preSolution
		HideSolutionNode = FALSE
	EndGlobalSection
EndGlobal
